{
    "_readme": [
        "This file locks the dependencies of your project to a known state",
        "Read more about it at https://getcomposer.org/doc/01-basic-usage.md#composer-lock-the-lock-file",
        "This file is @generated automatically"
    ],
    "content-hash": "101603bfd9543107ea795dadf1aa284a",
    "packages": [
        {
            "name": "phpmailer/phpmailer",
            "version": "v6.0.5",
            "source": {
                "type": "git",
                "url": "https://github.com/PHPMailer/PHPMailer.git",
                "reference": "cb3ea134d4d3729e7857737d5f320cce9caf4d32"
            },
            "dist": {
                "type": "zip",
                "url": "https://api.github.com/repos/PHPMailer/PHPMailer/zipball/cb3ea134d4d3729e7857737d5f320cce9caf4d32",
                "reference": "cb3ea134d4d3729e7857737d5f320cce9caf4d32",
                "shasum": ""
            },
            "require": {
                "ext-ctype": "*",
                "ext-filter": "*",
                "php": ">=5.5.0"
            },
            "require-dev": {
                "doctrine/annotations": "1.2.*",
                "friendsofphp/php-cs-fixer": "^2.2",
                "phpdocumentor/phpdocumentor": "2.*",
                "phpunit/phpunit": "^4.8 || ^5.7",
                "zendframework/zend-eventmanager": "3.0.*",
                "zendframework/zend-i18n": "2.7.3",
                "zendframework/zend-serializer": "2.7.*"
            },
            "suggest": {
                "ext-mbstring": "Needed to send email in multibyte encoding charset",
                "hayageek/oauth2-yahoo": "Needed for Yahoo XOAUTH2 authentication",
                "league/oauth2-google": "Needed for Google XOAUTH2 authentication",
                "psr/log": "For optional PSR-3 debug logging",
                "stevenmaguire/oauth2-microsoft": "Needed for Microsoft XOAUTH2 authentication",
                "symfony/polyfill-mbstring": "To support UTF-8 if the Mbstring PHP extension is not enabled (^1.2)"
            },
            "type": "library",
            "autoload": {
                "psr-4": {
                    "PHPMailer\\PHPMailer\\": "src/"
                }
            },
            "notification-url": "https://packagist.org/downloads/",
            "license": [
                "LGPL-2.1"
            ],
            "authors": [
                {
                    "name": "Jim Jagielski",
                    "email": "jimjag@gmail.com"
                },
                {
                    "name": "Marcus Bointon",
                    "email": "phpmailer@synchromedia.co.uk"
                },
                {
                    "name": "Andy Prevost",
                    "email": "codeworxtech@users.sourceforge.net"
                },
                {
                    "name": "Brent R. Matzelle"
                }
            ],
            "description": "PHPMailer is a full-featured email creation and transfer class for PHP",
            "time": "2018-03-27T13:49:45+00:00"
        },
        {
            "name": "symfony/polyfill-ctype",
            "version": "v1.8.0",
            "source": {
                "type": "git",
                "url": "https://github.com/symfony/polyfill-ctype.git",
                "reference": "7cc359f1b7b80fc25ed7796be7d96adc9b354bae"
            },
            "dist": {
                "type": "zip",
                "url": "https://api.github.com/repos/symfony/polyfill-ctype/zipball/7cc359f1b7b80fc25ed7796be7d96adc9b354bae",
                "reference": "7cc359f1b7b80fc25ed7796be7d96adc9b354bae",
                "shasum": ""
            },
            "require": {
                "php": ">=5.3.3"
            },
            "type": "library",
            "extra": {
                "branch-alias": {
                    "dev-master": "1.8-dev"
                }
            },
            "autoload": {
                "psr-4": {
                    "Symfony\\Polyfill\\Ctype\\": ""
                },
                "files": [
                    "bootstrap.php"
                ]
            },
            "notification-url": "https://packagist.org/downloads/",
            "license": [
                "MIT"
            ],
            "authors": [
                {
                    "name": "Symfony Community",
                    "homepage": "https://symfony.com/contributors"
                },
                {
                    "name": "Gert de Pagter",
                    "email": "BackEndTea@gmail.com"
                }
            ],
            "description": "Symfony polyfill for ctype functions",
            "homepage": "https://symfony.com",
            "keywords": [
                "compatibility",
                "ctype",
                "polyfill",
                "portable"
            ],
            "time": "2018-04-30T19:57:29+00:00"
        },
        {
            "name": "symfony/polyfill-mbstring",
            "version": "v1.8.0",
            "source": {
                "type": "git",
                "url": "https://github.com/symfony/polyfill-mbstring.git",
                "reference": "3296adf6a6454a050679cde90f95350ad604b171"
            },
            "dist": {
                "type": "zip",
                "url": "https://api.github.com/repos/symfony/polyfill-mbstring/zipball/3296adf6a6454a050679cde90f95350ad604b171",
                "reference": "3296adf6a6454a050679cde90f95350ad604b171",
                "shasum": ""
            },
            "require": {
                "php": ">=5.3.3"
            },
            "suggest": {
                "ext-mbstring": "For best performance"
            },
            "type": "library",
            "extra": {
                "branch-alias": {
                    "dev-master": "1.8-dev"
                }
            },
            "autoload": {
                "psr-4": {
                    "Symfony\\Polyfill\\Mbstring\\": ""
                },
                "files": [
                    "bootstrap.php"
                ]
            },
            "notification-url": "https://packagist.org/downloads/",
            "license": [
                "MIT"
            ],
            "authors": [
                {
                    "name": "Nicolas Grekas",
                    "email": "p@tchwork.com"
                },
                {
                    "name": "Symfony Community",
                    "homepage": "https://symfony.com/contributors"
                }
            ],
            "description": "Symfony polyfill for the Mbstring extension",
            "homepage": "https://symfony.com",
            "keywords": [
                "compatibility",
                "mbstring",
                "polyfill",
                "portable",
                "shim"
            ],
            "time": "2018-04-26T10:06:28+00:00"
        },
        {
            "name": "twig/twig",
            "version": "v2.5.0",
            "source": {
                "type": "git",
                "url": "https://github.com/twigphp/Twig.git",
                "reference": "6a5f676b77a90823c2d4eaf76137b771adf31323"
            },
            "dist": {
                "type": "zip",
                "url": "https://api.github.com/repos/twigphp/Twig/zipball/6a5f676b77a90823c2d4eaf76137b771adf31323",
                "reference": "6a5f676b77a90823c2d4eaf76137b771adf31323",
                "shasum": ""
            },
            "require": {
                "php": "^7.0",
                "symfony/polyfill-ctype": "^1.8",
                "symfony/polyfill-mbstring": "~1.0"
            },
            "require-dev": {
                "psr/container": "^1.0",
                "symfony/debug": "^2.7",
                "symfony/phpunit-bridge": "^3.3"
            },
            "type": "library",
            "extra": {
                "branch-alias": {
                    "dev-master": "2.5-dev"
                }
            },
            "autoload": {
                "psr-0": {
                    "Twig_": "lib/"
                },
                "psr-4": {
                    "Twig\\": "src/"
                }
            },
            "notification-url": "https://packagist.org/downloads/",
            "license": [
                "BSD-3-Clause"
            ],
            "authors": [
                {
                    "name": "Fabien Potencier",
                    "email": "fabien@symfony.com",
                    "homepage": "http://fabien.potencier.org",
                    "role": "Lead Developer"
                },
                {
                    "name": "Armin Ronacher",
                    "email": "armin.ronacher@active-4.com",
                    "role": "Project Founder"
                },
                {
                    "name": "Twig Team",
                    "homepage": "https://twig.symfony.com/contributors",
                    "role": "Contributors"
                }
            ],
            "description": "Twig, the flexible, fast, and secure template language for PHP",
            "homepage": "https://twig.symfony.com",
            "keywords": [
                "templating"
            ],
            "time": "2018-07-13T07:18:09+00:00"
        }
    ],
    "packages-dev": [
        {
            "name": "pear-pear.php.net/Archive_Tar",
            "version": "1.4.3",
            "dist": {
                "type": "file",
                "url": "http://pear.php.net/get/Archive_Tar-1.4.3.tgz",
                "reference": null,
                "shasum": null
            },
            "require": {
                "php": ">=5.2.0.0"
            },
            "replace": {
                "pear-pear/archive_tar": "== 1.4.3.0"
            },
            "type": "pear-library",
            "autoload": {
                "classmap": [
                    ""
                ]
            },
            "include-path": [
                "/"
            ],
            "license": [
                "New BSD License"
            ],
            "description": "This class provides handling of tar files in PHP.\nIt supports creating, listing, extracting and adding to tar files.\nGzip support is available if PHP has the zlib extension built-in or\nloaded. Bz2 compression is also supported with the bz2 extension loaded."
        },
        {
            "name": "pear-pear.php.net/Console_Getopt",
            "version": "1.4.1",
            "dist": {
                "type": "file",
                "url": "http://pear.php.net/get/Console_Getopt-1.4.1.tgz",
                "reference": null,
                "shasum": null
            },
            "require": {
                "php": ">=5.4.0.0"
            },
            "replace": {
                "pear-pear/console_getopt": "== 1.4.1.0"
            },
            "type": "pear-library",
            "autoload": {
                "classmap": [
                    ""
                ]
            },
            "include-path": [
                "/"
            ],
            "license": [
                "BSD-2-Clause"
            ],
            "description": "This is a PHP implementation of &quot;getopt&quot; supporting both\nshort and long options."
        },
        {
            "name": "pear-pear.php.net/Log",
            "version": "1.13.1",
            "dist": {
                "type": "file",
                "url": "http://pear.php.net/get/Log-1.13.1.tgz",
                "reference": null,
                "shasum": null
            },
            "require": {
                "php": ">=5.0.0.0"
            },
            "replace": {
                "pear-pear/log": "== 1.13.1.0"
            },
            "type": "pear-library",
            "autoload": {
                "classmap": [
                    ""
                ]
            },
            "include-path": [
                "/"
            ],
            "license": [
                "MIT License"
            ],
            "description": "The Log package provides an abstracted logging framework.  It includes output handlers for log files, databases, syslog, email, Firebug, and the console.  It also provides composite and subject-observer logging mechanisms."
        },
        {
            "name": "pear-pear.php.net/Mail",
            "version": "1.4.1",
            "dist": {
                "type": "file",
                "url": "http://pear.php.net/get/Mail-1.4.1.tgz",
                "reference": null,
                "shasum": null
            },
            "require": {
                "php": ">=5.2.1.0"
            },
            "replace": {
                "pear-pear/mail": "== 1.4.1.0"
            },
            "type": "pear-library",
            "autoload": {
                "classmap": [
                    ""
                ]
            },
            "include-path": [
                "/"
            ],
            "license": [
                "New BSD License"
            ],
            "description": "PEAR's Mail package defines an interface for implementing mailers under the PEAR hierarchy.  It also provides supporting functions useful to multiple mailer backends.  Currently supported backends include: PHP's native mail() function, sendmail, and SMTP.  This package also provides a RFC822 email address list validation utility class."
        },
        {
            "name": "pear-pear.php.net/Mail_Mime",
            "version": "1.10.2",
            "dist": {
                "type": "file",
                "url": "http://pear.php.net/get/Mail_Mime-1.10.2.tgz",
                "reference": null,
                "shasum": null
            },
            "require": {
                "php": ">=5.0.0.0"
            },
            "replace": {
                "pear-pear/mail_mime": "== 1.10.2.0"
            },
            "type": "pear-library",
            "autoload": {
                "classmap": [
                    ""
                ]
            },
            "include-path": [
                "/"
            ],
            "license": [
                "BSD Style"
            ],
            "description": "Mail_Mime provides classes to deal with the creation and manipulation of MIME messages.\nIt allows people to create e-mail messages consisting of:\n* Text Parts\n* HTML Parts\n* Inline HTML Images\n* Attachments\n* Attached messages\n\nIt supports big messages, base64 and quoted-printable encodings and\nnon-ASCII characters in filenames, subjects, recipients, etc. encoded\nusing RFC2047 and/or RFC2231."
        },
        {
            "name": "pear-pear.php.net/Mail_mimeDecode",
            "version": "1.5.6",
            "dist": {
                "type": "file",
                "url": "http://pear.php.net/get/Mail_mimeDecode-1.5.6.tgz",
                "reference": null,
                "shasum": null
            },
            "require": {
                "pear-pear.php.net/mail_mime": ">1.4.0.0",
                "php": ">=4.3.0.0"
            },
            "replace": {
                "pear-pear/mail_mimedecode": "== 1.5.6.0"
            },
            "type": "pear-library",
            "autoload": {
                "classmap": [
                    ""
                ]
            },
            "include-path": [
                "/"
            ],
            "license": [
                "BSD Style"
            ],
            "description": "Provides a class to deal with the decoding and interpreting of mime messages.\n This package used to be part of the Mail_Mime package, but has been split off."
        },
        {
            "name": "pear-pear.php.net/Net_POP3",
            "version": "1.3.8",
            "dist": {
                "type": "file",
                "url": "http://pear.php.net/get/Net_POP3-1.3.8.tgz",
                "reference": null,
                "shasum": null
            },
            "require": {
                "pear-pear.php.net/net_socket": ">=1.0.0.0",
                "php": ">=4.0.0.0"
            },
            "replace": {
                "pear-pear/net_pop3": "== 1.3.8.0"
            },
            "type": "pear-library",
            "autoload": {
                "classmap": [
                    ""
                ]
            },
            "include-path": [
                "/"
            ],
            "license": [
                "BSD"
            ],
            "description": "Provides a POP3 class to access POP3 server. Support all POP3 commands\n  including UIDL listings, APOP authentication, DIGEST-MD5 and CRAM-MD5\n  using optional Auth_SASL package"
        },
        {
            "name": "pear-pear.php.net/Net_Socket",
            "version": "1.2.2",
            "dist": {
                "type": "file",
                "url": "http://pear.php.net/get/Net_Socket-1.2.2.tgz",
                "reference": null,
                "shasum": null
            },
            "require": {
                "php": ">=5.4.0.0"
            },
            "replace": {
                "pear-pear/net_socket": "== 1.2.2.0"
            },
            "type": "pear-library",
            "autoload": {
                "classmap": [
                    ""
                ]
            },
            "include-path": [
                "/"
            ],
            "license": [
                "BSD-2-Clause"
            ],
            "description": "Net_Socket is a class interface to TCP sockets.  It provides blocking\n  and non-blocking operation, with different reading and writing modes\n  (byte-wise, block-wise, line-wise and special formats like network\n  byte-order ip addresses)."
        },
        {
            "name": "pear-pear.php.net/PEAR",
            "version": "1.10.5",
            "dist": {
                "type": "file",
                "url": "http://pear.php.net/get/PEAR-1.10.5.tgz",
                "reference": null,
                "shasum": null
            },
            "require": {
                "ext-pcre": "*",
                "ext-xml": "*",
                "pear-pear.php.net/archive_tar": ">=1.4.0.0",
                "pear-pear.php.net/console_getopt": ">=1.4.1.0",
                "pear-pear.php.net/structures_graph": ">=1.1.0.0",
                "pear-pear.php.net/xml_util": ">=1.3.0.0",
                "php": ">=5.4.0.0"
            },
            "conflict": {
                "pear-pear.php.net/pear_frontend_gtk": "<0.4.0.0",
                "pear-pear.php.net/pear_frontend_web": "<=0.4.0.0"
            },
            "replace": {
                "pear-pear/pear": "== 1.10.5.0"
            },
            "type": "pear-library",
            "autoload": {
                "classmap": [
                    ""
                ]
            },
            "include-path": [
                "/"
            ],
            "license": [
                "New BSD License"
            ],
            "description": "The PEAR package contains:\n * the PEAR installer, for creating, distributing\n   and installing packages\n * the PEAR_Exception PHP5 error handling mechanism\n * the PEAR_ErrorStack advanced error handling mechanism\n * the PEAR_Error error handling mechanism\n * the OS_Guess class for retrieving info about the OS\n   where PHP is running on\n * the System class for quick handling of common operations\n   with files and directories\n * the PEAR base class\n  Features in a nutshell:\n  * full support for channels\n  * pre-download dependency validation\n  * new package.xml 2.0 format allows tremendous flexibility while maintaining BC\n  * support for optional dependency groups and limited support for sub-packaging\n  * robust dependency support\n  * full dependency validation on uninstall\n  * remote install for hosts with only ftp access - no more problems with\n    restricted host installation\n  * full support for mirroring\n  * support for bundling several packages into a single tarball\n  * support for static dependencies on a url-based package\n  * support for custom file roles and installation tasks"
        },
        {
            "name": "pear-pear.php.net/Structures_Graph",
            "version": "1.1.1",
            "dist": {
                "type": "file",
                "url": "http://pear.php.net/get/Structures_Graph-1.1.1.tgz",
                "reference": null,
                "shasum": null
            },
            "require": {
                "php": ">=5.3.0.0"
            },
            "replace": {
                "pear-pear/structures_graph": "== 1.1.1.0"
            },
            "type": "pear-library",
            "autoload": {
                "classmap": [
                    ""
                ]
            },
            "include-path": [
                "/"
            ],
            "license": [
                "LGPL-3.0+"
            ],
            "description": "Structures_Graph is a package for creating and manipulating graph datastructures. It allows building of directed\nand undirected graphs, with data and metadata stored in nodes. The library provides functions for graph traversing\nas well as for characteristic extraction from the graph topology."
        },
        {
            "name": "pear-pear.php.net/XML_Util",
            "version": "1.4.3",
            "dist": {
                "type": "file",
                "url": "http://pear.php.net/get/XML_Util-1.4.3.tgz",
                "reference": null,
                "shasum": null
            },
            "require": {
                "ext-pcre": "*",
                "php": ">=5.4.0.0"
            },
            "replace": {
                "pear-pear/xml_util": "== 1.4.3.0"
            },
            "type": "pear-library",
            "autoload": {
                "classmap": [
                    ""
                ]
            },
            "include-path": [
                "/"
            ],
            "license": [
                "BSD License"
            ],
            "description": "Selection of methods that are often needed when working with XML documents.  Functionality includes creating of attribute lists from arrays, creation of tags, validation of XML names and more."
        }
    ],
    "aliases": [],
    "minimum-stability": "stable",
    "stability-flags": [],
    "prefer-stable": false,
    "prefer-lowest": false,
    "platform": [],
    "platform-dev": []
}
